{
  "nodes": {
    "atom": {
      "locked": {
        "lastModified": 1742054527,
        "narHash": "sha256-1gPmkuL4PPBfFUyG6GqkoP8gFz9RwscuE8tQoLV8R58=",
        "owner": "LiGoldragon",
        "repo": "atom",
        "rev": "4ec32cb657b15f82a2646ab184ad53ed78c2aa11",
        "type": "github"
      },
      "original": {
        "owner": "LiGoldragon",
        "ref": "atomicFlake-v1",
        "repo": "atom",
        "type": "github"
      }
    },
    "crane": {
      "locked": {
        "lastModified": 1741481578,
        "narHash": "sha256-JBTSyJFQdO3V8cgcL08VaBUByEU6P5kXbTJN6R0PFQo=",
        "owner": "ipetkov",
        "repo": "crane",
        "rev": "bb1c9567c43e4434f54e9481eb4b8e8e0d50f0b5",
        "type": "github"
      },
      "original": {
        "owner": "ipetkov",
        "repo": "crane",
        "type": "github"
      }
    },
    "nixpkgs": {
      "locked": {
        "lastModified": 1734649271,
        "narHash": "sha256-4EVBRhOjMDuGtMaofAIqzJbg4Ql7Ai0PSeuVZTHjyKQ=",
        "owner": "NixOS",
        "repo": "nixpkgs",
        "rev": "d70bd19e0a38ad4790d3913bf08fcbfc9eeca507",
        "type": "github"
      },
      "original": {
        "owner": "NixOS",
        "ref": "nixos-unstable",
        "repo": "nixpkgs",
        "type": "github"
      }
    },
    "nixpkgs-lib": {
      "flake": false,
      "locked": {
        "lastModified": 1741481724,
        "narHash": "sha256-XkDGJ3UJ06OkyHiKX20wLIyqrVl8J9ppccSevDoZYg0=",
        "owner": "nix-community",
        "repo": "nixpkgs.lib",
        "rev": "4264843d949bd5fb28a96f47842b634919aa58fa",
        "type": "github"
      },
      "original": {
        "owner": "nix-community",
        "repo": "nixpkgs.lib",
        "type": "github"
      }
    },
    "root": {
      "inputs": {
        "atom": "atom",
        "crane": "crane",
        "nixpkgs": "nixpkgs",
        "nixpkgs-lib": "nixpkgs-lib",
        "rust-overlay": "rust-overlay",
        "src": "src",
        "system": "system"
      }
    },
    "rust-overlay": {
      "inputs": {
        "nixpkgs": [
          "nixpkgs"
        ]
      },
      "locked": {
        "lastModified": 1741660300,
        "narHash": "sha256-0jldJ58sC5RjqwpwE+ER+RPMeX4Moz5im/evQ3SU/dU=",
        "owner": "oxalica",
        "repo": "rust-overlay",
        "rev": "ac2f556db0eb5cbba3c4f5f5989c46330f439b0b",
        "type": "github"
      },
      "original": {
        "owner": "oxalica",
        "repo": "rust-overlay",
        "type": "github"
      }
    },
    "src": {
      "flake": false,
      "locked": {
        "lastModified": 1741723314,
        "narHash": "sha256-iB16s6rz+diUc7GBywlp/u+YQYrAgANfbw3rbtxc8hg=",
        "owner": "criome",
        "repo": "horizons-rs",
        "rev": "4a34ef47963732e654cb2bf9c7050c2ad575dab3",
        "type": "github"
      },
      "original": {
        "owner": "criome",
        "repo": "horizons-rs",
        "type": "github"
      }
    },
    "system": {
      "locked": {
        "lastModified": 1741520211,
        "narHash": "sha256-xHifvvYmRbOeUwQfo3D9mTHbh4oBmhg9iNhNGCuK8fk=",
        "owner": "criome",
        "repo": "system",
        "rev": "ddffaa28acbcf95373bd8ed2d142ec9e6f6becbf",
        "type": "github"
      },
      "original": {
        "owner": "criome",
        "repo": "system",
        "type": "github"
      }
    }
  },
  "root": "root",
  "version": 7
}
