{
  "nodes": {
    "atom": {
      "locked": {
        "lastModified": 1745611759,
        "narHash": "sha256-bXb5J2AXjq8u3wqA5LbTRDaYto9QmHNUH7kJ5ZTGDRI=",
        "owner": "LiGoldragon",
        "repo": "atom",
        "rev": "5f85c3548627a7806963a757bcd24aa58824e5fb",
        "type": "github"
      },
      "original": {
        "owner": "LiGoldragon",
        "ref": "testing",
        "repo": "atom",
        "type": "github"
      }
    },
    "crane": {
      "locked": {
        "lastModified": 1741481578,
        "narHash": "sha256-JBTSyJFQdO3V8cgcL08VaBUByEU6P5kXbTJN6R0PFQo=",
        "owner": "ipetkov",
        "repo": "crane",
        "rev": "bb1c9567c43e4434f54e9481eb4b8e8e0d50f0b5",
        "type": "github"
      },
      "original": {
        "owner": "ipetkov",
        "repo": "crane",
        "type": "github"
      }
    },
    "flake-compat": {
      "locked": {
        "lastModified": 1733328505,
        "narHash": "sha256-NeCCThCEP3eCl2l/+27kNNK7QrwZB1IJCrXfrbv5oqU=",
        "owner": "edolstra",
        "repo": "flake-compat",
        "rev": "ff81ac966bb2cae68946d5ed5fc4994f96d0ffec",
        "type": "github"
      },
      "original": {
        "owner": "edolstra",
        "repo": "flake-compat",
        "type": "github"
      }
    },
    "lib": {
      "locked": {
        "lastModified": 1745111456,
        "narHash": "sha256-6k3oWdGcWOIzh3OQBkIf+HBU+xH5vbZtUhwzXEX4NWI=",
        "owner": "nix-community",
        "repo": "nixpkgs.lib",
        "rev": "eab2ba94b72a8664e0fb92912160151d99db850e",
        "type": "github"
      },
      "original": {
        "owner": "nix-community",
        "repo": "nixpkgs.lib",
        "type": "github"
      }
    },
    "make-atom": {
      "inputs": {
        "atom": "atom",
        "flake-compat": "flake-compat",
        "lib": "lib",
        "nixpkgs": "nixpkgs"
      },
      "locked": {
        "lastModified": 1745615891,
        "narHash": "sha256-KMKU1c1FftgnoJ3RqZEVZojTAe7J6mV1leUdOAvN0q4=",
        "owner": "criome",
        "repo": "make-atom",
        "rev": "87e30a53b0b11b9bcd2e2f1cad142fa470b2712a",
        "type": "github"
      },
      "original": {
        "owner": "criome",
        "ref": "testing",
        "repo": "make-atom",
        "type": "github"
      }
    },
    "nixpkgs": {
      "locked": {
        "lastModified": 1734649271,
        "narHash": "sha256-4EVBRhOjMDuGtMaofAIqzJbg4Ql7Ai0PSeuVZTHjyKQ=",
        "owner": "NixOS",
        "repo": "nixpkgs",
        "rev": "d70bd19e0a38ad4790d3913bf08fcbfc9eeca507",
        "type": "github"
      },
      "original": {
        "owner": "NixOS",
        "ref": "nixos-unstable",
        "repo": "nixpkgs",
        "type": "github"
      }
    },
    "nixpkgs_2": {
      "locked": {
        "lastModified": 1734649271,
        "narHash": "sha256-4EVBRhOjMDuGtMaofAIqzJbg4Ql7Ai0PSeuVZTHjyKQ=",
        "owner": "NixOS",
        "repo": "nixpkgs",
        "rev": "d70bd19e0a38ad4790d3913bf08fcbfc9eeca507",
        "type": "github"
      },
      "original": {
        "owner": "NixOS",
        "ref": "nixos-unstable",
        "repo": "nixpkgs",
        "type": "github"
      }
    },
    "root": {
      "inputs": {
        "crane": "crane",
        "make-atom": "make-atom",
        "nixpkgs": "nixpkgs_2",
        "rust-overlay": "rust-overlay",
        "src": "src",
        "system": "system"
      }
    },
    "rust-overlay": {
      "inputs": {
        "nixpkgs": [
          "nixpkgs"
        ]
      },
      "locked": {
        "lastModified": 1741660300,
        "narHash": "sha256-0jldJ58sC5RjqwpwE+ER+RPMeX4Moz5im/evQ3SU/dU=",
        "owner": "oxalica",
        "repo": "rust-overlay",
        "rev": "ac2f556db0eb5cbba3c4f5f5989c46330f439b0b",
        "type": "github"
      },
      "original": {
        "owner": "oxalica",
        "repo": "rust-overlay",
        "type": "github"
      }
    },
    "src": {
      "flake": false,
      "locked": {
        "lastModified": 1745437863,
        "narHash": "sha256-dS8tvq+jeUPtOo/vSVsKCTM7lnRtrtrJtA+XWVhgFgc=",
        "owner": "criome",
        "repo": "horizon-rs",
        "rev": "a62fd92d41e2289e8e07b30aa94a5c9fef03f69e",
        "type": "github"
      },
      "original": {
        "owner": "criome",
        "ref": "testing",
        "repo": "horizon-rs",
        "type": "github"
      }
    },
    "system": {
      "locked": {
        "lastModified": 1741520211,
        "narHash": "sha256-xHifvvYmRbOeUwQfo3D9mTHbh4oBmhg9iNhNGCuK8fk=",
        "owner": "criome",
        "repo": "system",
        "rev": "ddffaa28acbcf95373bd8ed2d142ec9e6f6becbf",
        "type": "github"
      },
      "original": {
        "owner": "criome",
        "repo": "system",
        "type": "github"
      }
    }
  },
  "root": "root",
  "version": 7
}
